
Microsoft Visual Studio Solution File, Format Version 12.00
# Visual Studio Version 17
VisualStudioVersion = 17.9.34728.123
MinimumVisualStudioVersion = 10.0.40219.1
Project("{9A19103F-16F7-4668-BE54-9A1E7A4F7556}") = "CrmApp", "CrmApp.csproj", "{8638FA39-22E2-4C90-ADC2-E219FA0808A1}"
EndProject
Project("{9A19103F-16F7-4668-BE54-9A1E7A4F7556}") = "Crm.DataContracts", "..\Crm.DataContracts\Crm.DataContracts.csproj", "{5333A262-9F88-43C0-8FFC-449D3128962E}"
EndProject
Project("{9A19103F-16F7-4668-BE54-9A1E7A4F7556}") = "Crm.Core", "..\Crm.Core\Crm.Core.csproj", "{1B10D406-35A0-41AC-AE83-F3EF1A0FFA79}"
EndProject
Project("{FAE04EC0-301F-11D3-BF4B-00C04F79EFBC}") = "Crm.Services", "..\Crm.Services\Crm.Services.csproj", "{12670DCA-706E-4C2A-8533-C6722C79CD5A}"
EndProject
Project("{FAE04EC0-301F-11D3-BF4B-00C04F79EFBC}") = "Crm.ThirdParty", "..\Crm.ThirdParty\Crm.ThirdParty.csproj", "{2E9543BE-77EF-4A55-9BAF-0DE9EE60D049}"
EndProject
Project("{2150E333-8FDC-42A3-9474-1A3956D46DE8}") = "tests", "tests", "{3D3B9335-83BF-4E26-AFE6-FD8A02812B57}"
EndProject
Project("{FAE04EC0-301F-11D3-BF4B-00C04F79EFBC}") = "Crm.Tests", "..\Crm.Tests\Crm.Tests.csproj", "{E2BB39DD-70BB-4203-B00B-C399248207CB}"
EndProject
Project("{2150E333-8FDC-42A3-9474-1A3956D46DE8}") = "src", "src", "{2ECE86CE-8228-401D-A6F2-0EDA253FB1A1}"
EndProject
Global
	GlobalSection(SolutionConfigurationPlatforms) = preSolution
		Debug|Any CPU = Debug|Any CPU
		Release|Any CPU = Release|Any CPU
	EndGlobalSection
	GlobalSection(ProjectConfigurationPlatforms) = postSolution
		{8638FA39-22E2-4C90-ADC2-E219FA0808A1}.Debug|Any CPU.ActiveCfg = Debug|Any CPU
		{8638FA39-22E2-4C90-ADC2-E219FA0808A1}.Debug|Any CPU.Build.0 = Debug|Any CPU
		{8638FA39-22E2-4C90-ADC2-E219FA0808A1}.Debug|Any CPU.Deploy.0 = Debug|Any CPU
		{8638FA39-22E2-4C90-ADC2-E219FA0808A1}.Release|Any CPU.ActiveCfg = Release|Any CPU
		{8638FA39-22E2-4C90-ADC2-E219FA0808A1}.Release|Any CPU.Build.0 = Release|Any CPU
		{5333A262-9F88-43C0-8FFC-449D3128962E}.Debug|Any CPU.ActiveCfg = Debug|Any CPU
		{5333A262-9F88-43C0-8FFC-449D3128962E}.Debug|Any CPU.Build.0 = Debug|Any CPU
		{5333A262-9F88-43C0-8FFC-449D3128962E}.Release|Any CPU.ActiveCfg = Release|Any CPU
		{5333A262-9F88-43C0-8FFC-449D3128962E}.Release|Any CPU.Build.0 = Release|Any CPU
		{1B10D406-35A0-41AC-AE83-F3EF1A0FFA79}.Debug|Any CPU.ActiveCfg = Debug|Any CPU
		{1B10D406-35A0-41AC-AE83-F3EF1A0FFA79}.Debug|Any CPU.Build.0 = Debug|Any CPU
		{1B10D406-35A0-41AC-AE83-F3EF1A0FFA79}.Release|Any CPU.ActiveCfg = Release|Any CPU
		{1B10D406-35A0-41AC-AE83-F3EF1A0FFA79}.Release|Any CPU.Build.0 = Release|Any CPU
		{12670DCA-706E-4C2A-8533-C6722C79CD5A}.Debug|Any CPU.ActiveCfg = Debug|Any CPU
		{12670DCA-706E-4C2A-8533-C6722C79CD5A}.Debug|Any CPU.Build.0 = Debug|Any CPU
		{12670DCA-706E-4C2A-8533-C6722C79CD5A}.Release|Any CPU.ActiveCfg = Release|Any CPU
		{12670DCA-706E-4C2A-8533-C6722C79CD5A}.Release|Any CPU.Build.0 = Release|Any CPU
		{2E9543BE-77EF-4A55-9BAF-0DE9EE60D049}.Debug|Any CPU.ActiveCfg = Debug|Any CPU
		{2E9543BE-77EF-4A55-9BAF-0DE9EE60D049}.Debug|Any CPU.Build.0 = Debug|Any CPU
		{2E9543BE-77EF-4A55-9BAF-0DE9EE60D049}.Release|Any CPU.ActiveCfg = Release|Any CPU
		{2E9543BE-77EF-4A55-9BAF-0DE9EE60D049}.Release|Any CPU.Build.0 = Release|Any CPU
		{E2BB39DD-70BB-4203-B00B-C399248207CB}.Debug|Any CPU.ActiveCfg = Debug|Any CPU
		{E2BB39DD-70BB-4203-B00B-C399248207CB}.Debug|Any CPU.Build.0 = Debug|Any CPU
		{E2BB39DD-70BB-4203-B00B-C399248207CB}.Release|Any CPU.ActiveCfg = Release|Any CPU
		{E2BB39DD-70BB-4203-B00B-C399248207CB}.Release|Any CPU.Build.0 = Release|Any CPU
	EndGlobalSection
	GlobalSection(SolutionProperties) = preSolution
		HideSolutionNode = FALSE
	EndGlobalSection
	GlobalSection(NestedProjects) = preSolution
		{8638FA39-22E2-4C90-ADC2-E219FA0808A1} = {2ECE86CE-8228-401D-A6F2-0EDA253FB1A1}
		{5333A262-9F88-43C0-8FFC-449D3128962E} = {2ECE86CE-8228-401D-A6F2-0EDA253FB1A1}
		{1B10D406-35A0-41AC-AE83-F3EF1A0FFA79} = {2ECE86CE-8228-401D-A6F2-0EDA253FB1A1}
		{12670DCA-706E-4C2A-8533-C6722C79CD5A} = {2ECE86CE-8228-401D-A6F2-0EDA253FB1A1}
		{2E9543BE-77EF-4A55-9BAF-0DE9EE60D049} = {2ECE86CE-8228-401D-A6F2-0EDA253FB1A1}
		{E2BB39DD-70BB-4203-B00B-C399248207CB} = {3D3B9335-83BF-4E26-AFE6-FD8A02812B57}
	EndGlobalSection
	GlobalSection(ExtensibilityGlobals) = postSolution
		SolutionGuid = {533EB62D-9E68-47B5-B79C-312A2DD56742}
	EndGlobalSection
EndGlobal
